# THIS IS AN AUTOGENERATED FILE. DO NOT EDIT THIS FILE DIRECTLY.
# yarn lockfile v1


"@microsoft/tsdoc@0.15.1":
  version "0.15.1"
  resolved "https://registry.yarnpkg.com/@microsoft/tsdoc/-/tsdoc-0.15.1.tgz#d4f6937353bc4568292654efb0a0e0532adbcba2"
  integrity sha512-4aErSrCR/On/e5G2hDP0wjooqDdauzEbIq8hIkIe5pXV0rtWJZvdCEKL0ykZxex+IxIwBp0eGeV48hQN07dXtw==

"@nestjs/mapped-types@2.1.0":
  version "2.1.0"
  resolved "https://registry.yarnpkg.com/@nestjs/mapped-types/-/mapped-types-2.1.0.tgz#b9b536b7c3571567aa1d0223db8baa1a51505a19"
  integrity sha512-W+n+rM69XsFdwORF11UqJahn4J3xi4g/ZEOlJNL6KoW5ygWSmBB2p0S2BZ4FQeS/NDH72e6xIcu35SfJnE8bXw==

"@nestjs/swagger@^11.2.0":
  version "11.2.0"
  resolved "https://registry.yarnpkg.com/@nestjs/swagger/-/swagger-11.2.0.tgz#a1b10620a9f90c78edf897a9386dc4f3e014387e"
  integrity sha512-5wolt8GmpNcrQv34tIPUtPoV1EeFbCetm40Ij3+M0FNNnf2RJ3FyWfuQvI8SBlcJyfaounYVTKzKHreFXsUyOg==
  dependencies:
    "@microsoft/tsdoc" "0.15.1"
    "@nestjs/mapped-types" "2.1.0"
    js-yaml "4.1.0"
    lodash "4.17.21"
    path-to-regexp "8.2.0"
    swagger-ui-dist "5.21.0"

"@scarf/scarf@=1.4.0":
  version "1.4.0"
  resolved "https://registry.yarnpkg.com/@scarf/scarf/-/scarf-1.4.0.tgz#3bbb984085dbd6d982494538b523be1ce6562972"
  integrity sha512-xxeapPiUXdZAE3che6f3xogoJPeZgig6omHEy1rIY5WVsB3H2BHNnZH+gHG6x91SCWyQCzWGsuL2Hh3ClO5/qQ==

argparse@^2.0.1:
  version "2.0.1"
  resolved "https://registry.yarnpkg.com/argparse/-/argparse-2.0.1.tgz#246f50f3ca78a3240f6c997e8a9bd1eac49e4b38"
  integrity sha512-8+9WqebbFzpX9OR+Wa6O29asIogeRMzcGtAINdpMHHyAg10f05aSFVBbcEqGf/PXw1EjAZ+q2/bEBg3DvurK3Q==

js-yaml@4.1.0:
  version "4.1.0"
  resolved "https://registry.yarnpkg.com/js-yaml/-/js-yaml-4.1.0.tgz#c1fb65f8f5017901cdd2c951864ba18458a10602"
  integrity sha512-wpxZs9NoxZaJESJGIZTyDEaYpl0FKSA+FB9aJiyemKhMwkxQg63h4T1KJgUGHpTqPDNRcmmYLugrRjJlBtWvRA==
  dependencies:
    argparse "^2.0.1"

lodash@4.17.21:
  version "4.17.21"
  resolved "https://registry.yarnpkg.com/lodash/-/lodash-4.17.21.tgz#679591c564c3bffaae8454cf0b3df370c3d6911c"
  integrity sha512-v2kDEe57lecTulaDIuNTPy3Ry4gLGJ6Z1O3vE1krgXZNrsQ+LFTGHVxVjcXPs17LhbZVGedAJv8XZ1tvj5FvSg==

path-to-regexp@8.2.0:
  version "8.2.0"
  resolved "https://registry.yarnpkg.com/path-to-regexp/-/path-to-regexp-8.2.0.tgz#73990cc29e57a3ff2a0d914095156df5db79e8b4"
  integrity sha512-TdrF7fW9Rphjq4RjrW0Kp2AW0Ahwu9sRGTkS6bvDi0SCwZlEZYmcfDbEsTz8RVk0EHIS/Vd1bv3JhG+1xZuAyQ==

swagger-ui-dist@5.21.0:
  version "5.21.0"
  resolved "https://registry.yarnpkg.com/swagger-ui-dist/-/swagger-ui-dist-5.21.0.tgz#aed230fe6e294c9470217e67697d601e3bb8eb9d"
  integrity sha512-E0K3AB6HvQd8yQNSMR7eE5bk+323AUxjtCz/4ZNKiahOlPhPJxqn3UPIGs00cyY/dhrTDJ61L7C/a8u6zhGrZg==
  dependencies:
    "@scarf/scarf" "=1.4.0"

swagger-ui-dist@>=5.0.0:
  version "5.25.2"
  resolved "https://registry.yarnpkg.com/swagger-ui-dist/-/swagger-ui-dist-5.25.2.tgz#2e07608b44031a6bbb6ceb790165ca05980bd423"
  integrity sha512-V4JyoygUe5nCbn7bAD0fVKSC0yNcL3ROIQtGC7M0NATKuyosCSmMU6T0yDZIIuGpSxjsjZh/D2Ejb8lnF2jjxw==
  dependencies:
    "@scarf/scarf" "=1.4.0"

swagger-ui-express@^5.0.1:
  version "5.0.1"
  resolved "https://registry.yarnpkg.com/swagger-ui-express/-/swagger-ui-express-5.0.1.tgz#fb8c1b781d2793a6bd2f8a205a3f4bd6fa020dd8"
  integrity sha512-SrNU3RiBGTLLmFU8GIJdOdanJTl4TOmT27tt3bWWHppqYmAZ6IDuEuBvMU6nZq0zLEe6b/1rACXCgLZqO6ZfrA==
  dependencies:
    swagger-ui-dist ">=5.0.0"
